
Microsoft Visual Studio Solution File, Format Version 12.00
# Visual Studio Version 16
VisualStudioVersion = 16.0.34931.43
MinimumVisualStudioVersion = 10.0.40219.1
Project("{FAE04EC0-301F-11D3-BF4B-00C04F79EFBC}") = "IQUEventors", "IQUEventors\IQUEventors.csproj", "{E126ADF3-57B2-4B91-8D1E-BEDDAB7C13EA}"
EndProject
Global
	GlobalSection(SolutionConfigurationPlatforms) = preSolution
		Debug|Any CPU = Debug|Any CPU
		Release|Any CPU = Release|Any CPU
	EndGlobalSection
	GlobalSection(ProjectConfigurationPlatforms) = postSolution
		{E126ADF3-57B2-4B91-8D1E-BEDDAB7C13EA}.Debug|Any CPU.ActiveCfg = Debug|Any CPU
		{E126ADF3-57B2-4B91-8D1E-BEDDAB7C13EA}.Debug|Any CPU.Build.0 = Debug|Any CPU
		{E126ADF3-57B2-4B91-8D1E-BEDDAB7C13EA}.Release|Any CPU.ActiveCfg = Release|Any CPU
		{E126ADF3-57B2-4B91-8D1E-BEDDAB7C13EA}.Release|Any CPU.Build.0 = Release|Any CPU
	EndGlobalSection
	GlobalSection(SolutionProperties) = preSolution
		HideSolutionNode = FALSE
	EndGlobalSection
	GlobalSection(ExtensibilityGlobals) = postSolution
		SolutionGuid = {0458C30F-57B4-4FA2-A731-CD52C4E97FD2}
	EndGlobalSection
EndGlobal
